// !$*UTF8*$!
{
	archiveVersion = 1;
	classes = {
	};
	objectVersion = 50;
	objects = {

/* Begin PBXBuildFile section */
		992EEA5B20A985BC00D558B1 /* jcore-ios-1.1.9.a in Frameworks */ = {isa = PBXBuildFile; fileRef = 992EEA5620A985BC00D558B1 /* jcore-ios-1.1.9.a */; };
		992EEA5C20A985BC00D558B1 /* jpush-ios-3.0.9.a in Frameworks */ = {isa = PBXBuildFile; fileRef = 992EEA5920A985BC00D558B1 /* jpush-ios-3.0.9.a */; };
		992EEA5E20A987FE00D558B1 /* CFNetwork.framework in Frameworks */ = {isa = PBXBuildFile; fileRef = 992EEA5D20A987FE00D558B1 /* CFNetwork.framework */; };
		992EEA6020A9880400D558B1 /* CoreFoundation.framework in Frameworks */ = {isa = PBXBuildFile; fileRef = 992EEA5F20A9880400D558B1 /* CoreFoundation.framework */; };
		992EEA6220A9880C00D558B1 /* CoreTelephony.framework in Frameworks */ = {isa = PBXBuildFile; fileRef = 992EEA6120A9880C00D558B1 /* CoreTelephony.framework */; };
		992EEA6420A9881100D558B1 /* SystemConfiguration.framework in Frameworks */ = {isa = PBXBuildFile; fileRef = 992EEA6320A9881100D558B1 /* SystemConfiguration.framework */; };
		992EEA6620A9881800D558B1 /* CoreGraphics.framework in Frameworks */ = {isa = PBXBuildFile; fileRef = 992EEA6520A9881800D558B1 /* CoreGraphics.framework */; };
		992EEA6820A9881E00D558B1 /* Foundation.framework in Frameworks */ = {isa = PBXBuildFile; fileRef = 992EEA6720A9881E00D558B1 /* Foundation.framework */; };
		992EEA6A20A9882300D558B1 /* UIKit.framework in Frameworks */ = {isa = PBXBuildFile; fileRef = 992EEA6920A9882300D558B1 /* UIKit.framework */; };
		992EEA6C20A9882800D558B1 /* Security.framework in Frameworks */ = {isa = PBXBuildFile; fileRef = 992EEA6B20A9882800D558B1 /* Security.framework */; };
		992EEA6E20A9882E00D558B1 /* libz.tbd in Frameworks */ = {isa = PBXBuildFile; fileRef = 992EEA6D20A9882E00D558B1 /* libz.tbd */; };
		992EEA7020A9883500D558B1 /* AdSupport.framework in Frameworks */ = {isa = PBXBuildFile; fileRef = 992EEA6F20A9883500D558B1 /* AdSupport.framework */; };
		992EEA7220A9883B00D558B1 /* UserNotifications.framework in Frameworks */ = {isa = PBXBuildFile; fileRef = 992EEA7120A9883B00D558B1 /* UserNotifications.framework */; settings = {ATTRIBUTES = (Weak, ); }; };
		992EEA7420A9884200D558B1 /* libresolv.tbd in Frameworks */ = {isa = PBXBuildFile; fileRef = 992EEA7320A9884200D558B1 /* libresolv.tbd */; };
		992EEAC420A9977F00D558B1 /* PushConfig.plist in Resources */ = {isa = PBXBuildFile; fileRef = 992EEAC320A9977F00D558B1 /* PushConfig.plist */; };
		99A8537C2099605B008D97BE /* AppDelegate.m in Sources */ = {isa = PBXBuildFile; fileRef = 99A8537B2099605B008D97BE /* AppDelegate.m */; };
		99A8537F2099605B008D97BE /* ViewController.m in Sources */ = {isa = PBXBuildFile; fileRef = 99A8537E2099605B008D97BE /* ViewController.m */; };
		99A853822099605B008D97BE /* Main.storyboard in Resources */ = {isa = PBXBuildFile; fileRef = 99A853802099605B008D97BE /* Main.storyboard */; };
		99A853842099605C008D97BE /* Assets.xcassets in Resources */ = {isa = PBXBuildFile; fileRef = 99A853832099605C008D97BE /* Assets.xcassets */; };
		99A853872099605C008D97BE /* LaunchScreen.storyboard in Resources */ = {isa = PBXBuildFile; fileRef = 99A853852099605C008D97BE /* LaunchScreen.storyboard */; };
		99A8538A2099605D008D97BE /* main.m in Sources */ = {isa = PBXBuildFile; fileRef = 99A853892099605D008D97BE /* main.m */; };
		99A85392209960AC008D97BE /* TMMWebViewViewController.m in Sources */ = {isa = PBXBuildFile; fileRef = 99A85390209960AC008D97BE /* TMMWebViewViewController.m */; };
		99A853AD209960E5008D97BE /* NSLayoutConstraint+MASDebugAdditions.m in Sources */ = {isa = PBXBuildFile; fileRef = 99A85395209960E5008D97BE /* NSLayoutConstraint+MASDebugAdditions.m */; };
		99A853AE209960E5008D97BE /* ViewController+MASAdditions.m in Sources */ = {isa = PBXBuildFile; fileRef = 99A8539E209960E5008D97BE /* ViewController+MASAdditions.m */; };
		99A853AF209960E5008D97BE /* MASCompositeConstraint.m in Sources */ = {isa = PBXBuildFile; fileRef = 99A853A2209960E5008D97BE /* MASCompositeConstraint.m */; };
		99A853B0209960E5008D97BE /* MASConstraintMaker.m in Sources */ = {isa = PBXBuildFile; fileRef = 99A853A3209960E5008D97BE /* MASConstraintMaker.m */; };
		99A853B1209960E5008D97BE /* MASLayoutConstraint.m in Sources */ = {isa = PBXBuildFile; fileRef = 99A853A4209960E5008D97BE /* MASLayoutConstraint.m */; };
		99A853B2209960E5008D97BE /* NSArray+MASAdditions.m in Sources */ = {isa = PBXBuildFile; fileRef = 99A853A5209960E5008D97BE /* NSArray+MASAdditions.m */; };
		99A853B3209960E5008D97BE /* View+MASAdditions.m in Sources */ = {isa = PBXBuildFile; fileRef = 99A853A6209960E5008D97BE /* View+MASAdditions.m */; };
		99A853B4209960E5008D97BE /* MASConstraint.m in Sources */ = {isa = PBXBuildFile; fileRef = 99A853A9209960E5008D97BE /* MASConstraint.m */; };
		99A853B5209960E5008D97BE /* MASViewConstraint.m in Sources */ = {isa = PBXBuildFile; fileRef = 99A853AB209960E5008D97BE /* MASViewConstraint.m */; };
		99A853B6209960E5008D97BE /* MASViewAttribute.m in Sources */ = {isa = PBXBuildFile; fileRef = 99A853AC209960E5008D97BE /* MASViewAttribute.m */; };
		99A853B9209C5E0E008D97BE /* AudioToolbox.framework in Frameworks */ = {isa = PBXBuildFile; fileRef = 99A853B8209C5E0E008D97BE /* AudioToolbox.framework */; };
/* End PBXBuildFile section */

/* Begin PBXFileReference section */
		992EEA5620A985BC00D558B1 /* jcore-ios-1.1.9.a */ = {isa = PBXFileReference; lastKnownFileType = archive.ar; path = "jcore-ios-1.1.9.a"; sourceTree = "<group>"; };
		992EEA5720A985BC00D558B1 /* JPushNotificationExtensionService.h */ = {isa = PBXFileReference; fileEncoding = 4; lastKnownFileType = sourcecode.c.h; path = JPushNotificationExtensionService.h; sourceTree = "<group>"; };
		992EEA5820A985BC00D558B1 /* JPUSHService.h */ = {isa = PBXFileReference; fileEncoding = 4; lastKnownFileType = sourcecode.c.h; path = JPUSHService.h; sourceTree = "<group>"; };
		992EEA5920A985BC00D558B1 /* jpush-ios-3.0.9.a */ = {isa = PBXFileReference; lastKnownFileType = archive.ar; path = "jpush-ios-3.0.9.a"; sourceTree = "<group>"; };
		992EEA5D20A987FE00D558B1 /* CFNetwork.framework */ = {isa = PBXFileReference; lastKnownFileType = wrapper.framework; name = CFNetwork.framework; path = System/Library/Frameworks/CFNetwork.framework; sourceTree = SDKROOT; };
		992EEA5F20A9880400D558B1 /* CoreFoundation.framework */ = {isa = PBXFileReference; lastKnownFileType = wrapper.framework; name = CoreFoundation.framework; path = System/Library/Frameworks/CoreFoundation.framework; sourceTree = SDKROOT; };
		992EEA6120A9880C00D558B1 /* CoreTelephony.framework */ = {isa = PBXFileReference; lastKnownFileType = wrapper.framework; name = CoreTelephony.framework; path = System/Library/Frameworks/CoreTelephony.framework; sourceTree = SDKROOT; };
		992EEA6320A9881100D558B1 /* SystemConfiguration.framework */ = {isa = PBXFileReference; lastKnownFileType = wrapper.framework; name = SystemConfiguration.framework; path = System/Library/Frameworks/SystemConfiguration.framework; sourceTree = SDKROOT; };
		992EEA6520A9881800D558B1 /* CoreGraphics.framework */ = {isa = PBXFileReference; lastKnownFileType = wrapper.framework; name = CoreGraphics.framework; path = System/Library/Frameworks/CoreGraphics.framework; sourceTree = SDKROOT; };
		992EEA6720A9881E00D558B1 /* Foundation.framework */ = {isa = PBXFileReference; lastKnownFileType = wrapper.framework; name = Foundation.framework; path = System/Library/Frameworks/Foundation.framework; sourceTree = SDKROOT; };
		992EEA6920A9882300D558B1 /* UIKit.framework */ = {isa = PBXFileReference; lastKnownFileType = wrapper.framework; name = UIKit.framework; path = System/Library/Frameworks/UIKit.framework; sourceTree = SDKROOT; };
		992EEA6B20A9882800D558B1 /* Security.framework */ = {isa = PBXFileReference; lastKnownFileType = wrapper.framework; name = Security.framework; path = System/Library/Frameworks/Security.framework; sourceTree = SDKROOT; };
		992EEA6D20A9882E00D558B1 /* libz.tbd */ = {isa = PBXFileReference; lastKnownFileType = "sourcecode.text-based-dylib-definition"; name = libz.tbd; path = usr/lib/libz.tbd; sourceTree = SDKROOT; };
		992EEA6F20A9883500D558B1 /* AdSupport.framework */ = {isa = PBXFileReference; lastKnownFileType = wrapper.framework; name = AdSupport.framework; path = System/Library/Frameworks/AdSupport.framework; sourceTree = SDKROOT; };
		992EEA7120A9883B00D558B1 /* UserNotifications.framework */ = {isa = PBXFileReference; lastKnownFileType = wrapper.framework; name = UserNotifications.framework; path = System/Library/Frameworks/UserNotifications.framework; sourceTree = SDKROOT; };
		992EEA7320A9884200D558B1 /* libresolv.tbd */ = {isa = PBXFileReference; lastKnownFileType = "sourcecode.text-based-dylib-definition"; name = libresolv.tbd; path = usr/lib/libresolv.tbd; sourceTree = SDKROOT; };
		992EEAC320A9977F00D558B1 /* PushConfig.plist */ = {isa = PBXFileReference; fileEncoding = 4; lastKnownFileType = text.plist.xml; path = PushConfig.plist; sourceTree = "<group>"; };
		99A853772099605A008D97BE /* CTXC.app */ = {isa = PBXFileReference; explicitFileType = wrapper.application; includeInIndex = 0; path = CTXC.app; sourceTree = BUILT_PRODUCTS_DIR; };
		99A8537A2099605B008D97BE /* AppDelegate.h */ = {isa = PBXFileReference; lastKnownFileType = sourcecode.c.h; path = AppDelegate.h; sourceTree = "<group>"; };
		99A8537B2099605B008D97BE /* AppDelegate.m */ = {isa = PBXFileReference; lastKnownFileType = sourcecode.c.objc; path = AppDelegate.m; sourceTree = "<group>"; };
		99A8537D2099605B008D97BE /* ViewController.h */ = {isa = PBXFileReference; lastKnownFileType = sourcecode.c.h; path = ViewController.h; sourceTree = "<group>"; };
		99A8537E2099605B008D97BE /* ViewController.m */ = {isa = PBXFileReference; lastKnownFileType = sourcecode.c.objc; path = ViewController.m; sourceTree = "<group>"; };
		99A853812099605B008D97BE /* Base */ = {isa = PBXFileReference; lastKnownFileType = file.storyboard; name = Base; path = Base.lproj/Main.storyboard; sourceTree = "<group>"; };
		99A853832099605C008D97BE /* Assets.xcassets */ = {isa = PBXFileReference; lastKnownFileType = folder.assetcatalog; path = Assets.xcassets; sourceTree = "<group>"; };
		99A853862099605C008D97BE /* Base */ = {isa = PBXFileReference; lastKnownFileType = file.storyboard; name = Base; path = Base.lproj/LaunchScreen.storyboard; sourceTree = "<group>"; };
		99A853882099605D008D97BE /* Info.plist */ = {isa = PBXFileReference; lastKnownFileType = text.plist.xml; path = Info.plist; sourceTree = "<group>"; };
		99A853892099605D008D97BE /* main.m */ = {isa = PBXFileReference; lastKnownFileType = sourcecode.c.objc; path = main.m; sourceTree = "<group>"; };
		99A85390209960AC008D97BE /* TMMWebViewViewController.m */ = {isa = PBXFileReference; fileEncoding = 4; lastKnownFileType = sourcecode.c.objc; path = TMMWebViewViewController.m; sourceTree = "<group>"; };
		99A85391209960AC008D97BE /* TMMWebViewViewController.h */ = {isa = PBXFileReference; fileEncoding = 4; lastKnownFileType = sourcecode.c.h; path = TMMWebViewViewController.h; sourceTree = "<group>"; };
		99A85394209960E5008D97BE /* MASCompositeConstraint.h */ = {isa = PBXFileReference; fileEncoding = 4; lastKnownFileType = sourcecode.c.h; path = MASCompositeConstraint.h; sourceTree = "<group>"; };
		99A85395209960E5008D97BE /* NSLayoutConstraint+MASDebugAdditions.m */ = {isa = PBXFileReference; fileEncoding = 4; lastKnownFileType = sourcecode.c.objc; path = "NSLayoutConstraint+MASDebugAdditions.m"; sourceTree = "<group>"; };
		99A85396209960E5008D97BE /* MASConstraint+Private.h */ = {isa = PBXFileReference; fileEncoding = 4; lastKnownFileType = sourcecode.c.h; path = "MASConstraint+Private.h"; sourceTree = "<group>"; };
		99A85397209960E5008D97BE /* MASLayoutConstraint.h */ = {isa = PBXFileReference; fileEncoding = 4; lastKnownFileType = sourcecode.c.h; path = MASLayoutConstraint.h; sourceTree = "<group>"; };
		99A85398209960E5008D97BE /* NSArray+MASShorthandAdditions.h */ = {isa = PBXFileReference; fileEncoding = 4; lastKnownFileType = sourcecode.c.h; path = "NSArray+MASShorthandAdditions.h"; sourceTree = "<group>"; };
		99A85399209960E5008D97BE /* MASConstraintMaker.h */ = {isa = PBXFileReference; fileEncoding = 4; lastKnownFileType = sourcecode.c.h; path = MASConstraintMaker.h; sourceTree = "<group>"; };
		99A8539A209960E5008D97BE /* View+MASAdditions.h */ = {isa = PBXFileReference; fileEncoding = 4; lastKnownFileType = sourcecode.c.h; path = "View+MASAdditions.h"; sourceTree = "<group>"; };
		99A8539B209960E5008D97BE /* NSArray+MASAdditions.h */ = {isa = PBXFileReference; fileEncoding = 4; lastKnownFileType = sourcecode.c.h; path = "NSArray+MASAdditions.h"; sourceTree = "<group>"; };
		99A8539C209960E5008D97BE /* MASUtilities.h */ = {isa = PBXFileReference; fileEncoding = 4; lastKnownFileType = sourcecode.c.h; path = MASUtilities.h; sourceTree = "<group>"; };
		99A8539D209960E5008D97BE /* MASViewAttribute.h */ = {isa = PBXFileReference; fileEncoding = 4; lastKnownFileType = sourcecode.c.h; path = MASViewAttribute.h; sourceTree = "<group>"; };
		99A8539E209960E5008D97BE /* ViewController+MASAdditions.m */ = {isa = PBXFileReference; fileEncoding = 4; lastKnownFileType = sourcecode.c.objc; path = "ViewController+MASAdditions.m"; sourceTree = "<group>"; };
		99A8539F209960E5008D97BE /* MASViewConstraint.h */ = {isa = PBXFileReference; fileEncoding = 4; lastKnownFileType = sourcecode.c.h; path = MASViewConstraint.h; sourceTree = "<group>"; };
		99A853A0209960E5008D97BE /* MASConstraint.h */ = {isa = PBXFileReference; fileEncoding = 4; lastKnownFileType = sourcecode.c.h; path = MASConstraint.h; sourceTree = "<group>"; };
		99A853A1209960E5008D97BE /* NSLayoutConstraint+MASDebugAdditions.h */ = {isa = PBXFileReference; fileEncoding = 4; lastKnownFileType = sourcecode.c.h; path = "NSLayoutConstraint+MASDebugAdditions.h"; sourceTree = "<group>"; };
		99A853A2209960E5008D97BE /* MASCompositeConstraint.m */ = {isa = PBXFileReference; fileEncoding = 4; lastKnownFileType = sourcecode.c.objc; path = MASCompositeConstraint.m; sourceTree = "<group>"; };
		99A853A3209960E5008D97BE /* MASConstraintMaker.m */ = {isa = PBXFileReference; fileEncoding = 4; lastKnownFileType = sourcecode.c.objc; path = MASConstraintMaker.m; sourceTree = "<group>"; };
		99A853A4209960E5008D97BE /* MASLayoutConstraint.m */ = {isa = PBXFileReference; fileEncoding = 4; lastKnownFileType = sourcecode.c.objc; path = MASLayoutConstraint.m; sourceTree = "<group>"; };
		99A853A5209960E5008D97BE /* NSArray+MASAdditions.m */ = {isa = PBXFileReference; fileEncoding = 4; lastKnownFileType = sourcecode.c.objc; path = "NSArray+MASAdditions.m"; sourceTree = "<group>"; };
		99A853A6209960E5008D97BE /* View+MASAdditions.m */ = {isa = PBXFileReference; fileEncoding = 4; lastKnownFileType = sourcecode.c.objc; path = "View+MASAdditions.m"; sourceTree = "<group>"; };
		99A853A7209960E5008D97BE /* View+MASShorthandAdditions.h */ = {isa = PBXFileReference; fileEncoding = 4; lastKnownFileType = sourcecode.c.h; path = "View+MASShorthandAdditions.h"; sourceTree = "<group>"; };
		99A853A8209960E5008D97BE /* Masonry.h */ = {isa = PBXFileReference; fileEncoding = 4; lastKnownFileType = sourcecode.c.h; path = Masonry.h; sourceTree = "<group>"; };
		99A853A9209960E5008D97BE /* MASConstraint.m */ = {isa = PBXFileReference; fileEncoding = 4; lastKnownFileType = sourcecode.c.objc; path = MASConstraint.m; sourceTree = "<group>"; };
		99A853AA209960E5008D97BE /* ViewController+MASAdditions.h */ = {isa = PBXFileReference; fileEncoding = 4; lastKnownFileType = sourcecode.c.h; path = "ViewController+MASAdditions.h"; sourceTree = "<group>"; };
		99A853AB209960E5008D97BE /* MASViewConstraint.m */ = {isa = PBXFileReference; fileEncoding = 4; lastKnownFileType = sourcecode.c.objc; path = MASViewConstraint.m; sourceTree = "<group>"; };
		99A853AC209960E5008D97BE /* MASViewAttribute.m */ = {isa = PBXFileReference; fileEncoding = 4; lastKnownFileType = sourcecode.c.objc; path = MASViewAttribute.m; sourceTree = "<group>"; };
		99A853B8209C5E0E008D97BE /* AudioToolbox.framework */ = {isa = PBXFileReference; lastKnownFileType = wrapper.framework; name = AudioToolbox.framework; path = System/Library/Frameworks/AudioToolbox.framework; sourceTree = SDKROOT; };
		99A853BA209C5E0E008D97BE /* CTXC.entitlements */ = {isa = PBXFileReference; lastKnownFileType = text.plist.entitlements; path = CTXC.entitlements; sourceTree = "<group>"; };
/* End PBXFileReference section */

/* Begin PBXFrameworksBuildPhase section */
		99A853742099605A008D97BE /* Frameworks */ = {
			isa = PBXFrameworksBuildPhase;
			buildActionMask = 2147483647;
			files = (
				992EEA7420A9884200D558B1 /* libresolv.tbd in Frameworks */,
				992EEA7220A9883B00D558B1 /* UserNotifications.framework in Frameworks */,
				992EEA7020A9883500D558B1 /* AdSupport.framework in Frameworks */,
				992EEA6E20A9882E00D558B1 /* libz.tbd in Frameworks */,
				992EEA6C20A9882800D558B1 /* Security.framework in Frameworks */,
				992EEA6A20A9882300D558B1 /* UIKit.framework in Frameworks */,
				992EEA6820A9881E00D558B1 /* Foundation.framework in Frameworks */,
				992EEA6620A9881800D558B1 /* CoreGraphics.framework in Frameworks */,
				992EEA6420A9881100D558B1 /* SystemConfiguration.framework in Frameworks */,
				992EEA6220A9880C00D558B1 /* CoreTelephony.framework in Frameworks */,
				992EEA6020A9880400D558B1 /* CoreFoundation.framework in Frameworks */,
				992EEA5E20A987FE00D558B1 /* CFNetwork.framework in Frameworks */,
				992EEA5B20A985BC00D558B1 /* jcore-ios-1.1.9.a in Frameworks */,
				99A853B9209C5E0E008D97BE /* AudioToolbox.framework in Frameworks */,
				992EEA5C20A985BC00D558B1 /* jpush-ios-3.0.9.a in Frameworks */,
			);
			runOnlyForDeploymentPostprocessing = 0;
		};
/* End PBXFrameworksBuildPhase section */

/* Begin PBXGroup section */
		992EEA5420A985BC00D558B1 /* Lib */ = {
			isa = PBXGroup;
			children = (
				992EEA5620A985BC00D558B1 /* jcore-ios-1.1.9.a */,
				992EEA5720A985BC00D558B1 /* JPushNotificationExtensionService.h */,
				992EEA5820A985BC00D558B1 /* JPUSHService.h */,
				992EEA5920A985BC00D558B1 /* jpush-ios-3.0.9.a */,
			);
			path = Lib;
			sourceTree = "<group>";
		};
		99A8536E2099605A008D97BE = {
			isa = PBXGroup;
			children = (
				99A853792099605B008D97BE /* CTXC */,
				99A853782099605A008D97BE /* Products */,
				99A853B7209C5E0E008D97BE /* Frameworks */,
			);
			sourceTree = "<group>";
		};
		99A853782099605A008D97BE /* Products */ = {
			isa = PBXGroup;
			children = (
				99A853772099605A008D97BE /* CTXC.app */,
			);
			name = Products;
			sourceTree = "<group>";
		};
		99A853792099605B008D97BE /* CTXC */ = {
			isa = PBXGroup;
			children = (
				992EEAC320A9977F00D558B1 /* PushConfig.plist */,
				992EEA5420A985BC00D558B1 /* Lib */,
				99A853BA209C5E0E008D97BE /* CTXC.entitlements */,
				99A85393209960E5008D97BE /* Masonry */,
				99A85391209960AC008D97BE /* TMMWebViewViewController.h */,
				99A85390209960AC008D97BE /* TMMWebViewViewController.m */,
				99A8537A2099605B008D97BE /* AppDelegate.h */,
				99A8537B2099605B008D97BE /* AppDelegate.m */,
				99A8537D2099605B008D97BE /* ViewController.h */,
				99A8537E2099605B008D97BE /* ViewController.m */,
				99A853802099605B008D97BE /* Main.storyboard */,
				99A853832099605C008D97BE /* Assets.xcassets */,
				99A853852099605C008D97BE /* LaunchScreen.storyboard */,
				99A853882099605D008D97BE /* Info.plist */,
				99A853892099605D008D97BE /* main.m */,
			);
			path = CTXC;
			sourceTree = "<group>";
		};
		99A85393209960E5008D97BE /* Masonry */ = {
			isa = PBXGroup;
			children = (
				99A85394209960E5008D97BE /* MASCompositeConstraint.h */,
				99A85395209960E5008D97BE /* NSLayoutConstraint+MASDebugAdditions.m */,
				99A85396209960E5008D97BE /* MASConstraint+Private.h */,
				99A85397209960E5008D97BE /* MASLayoutConstraint.h */,
				99A85398209960E5008D97BE /* NSArray+MASShorthandAdditions.h */,
				99A85399209960E5008D97BE /* MASConstraintMaker.h */,
				99A8539A209960E5008D97BE /* View+MASAdditions.h */,
				99A8539B209960E5008D97BE /* NSArray+MASAdditions.h */,
				99A8539C209960E5008D97BE /* MASUtilities.h */,
				99A8539D209960E5008D97BE /* MASViewAttribute.h */,
				99A8539E209960E5008D97BE /* ViewController+MASAdditions.m */,
				99A8539F209960E5008D97BE /* MASViewConstraint.h */,
				99A853A0209960E5008D97BE /* MASConstraint.h */,
				99A853A1209960E5008D97BE /* NSLayoutConstraint+MASDebugAdditions.h */,
				99A853A2209960E5008D97BE /* MASCompositeConstraint.m */,
				99A853A3209960E5008D97BE /* MASConstraintMaker.m */,
				99A853A4209960E5008D97BE /* MASLayoutConstraint.m */,
				99A853A5209960E5008D97BE /* NSArray+MASAdditions.m */,
				99A853A6209960E5008D97BE /* View+MASAdditions.m */,
				99A853A7209960E5008D97BE /* View+MASShorthandAdditions.h */,
				99A853A8209960E5008D97BE /* Masonry.h */,
				99A853A9209960E5008D97BE /* MASConstraint.m */,
				99A853AA209960E5008D97BE /* ViewController+MASAdditions.h */,
				99A853AB209960E5008D97BE /* MASViewConstraint.m */,
				99A853AC209960E5008D97BE /* MASViewAttribute.m */,
			);
			path = Masonry;
			sourceTree = "<group>";
		};
		99A853B7209C5E0E008D97BE /* Frameworks */ = {
			isa = PBXGroup;
			children = (
				992EEA7320A9884200D558B1 /* libresolv.tbd */,
				992EEA7120A9883B00D558B1 /* UserNotifications.framework */,
				992EEA6F20A9883500D558B1 /* AdSupport.framework */,
				992EEA6D20A9882E00D558B1 /* libz.tbd */,
				992EEA6B20A9882800D558B1 /* Security.framework */,
				992EEA6920A9882300D558B1 /* UIKit.framework */,
				992EEA6720A9881E00D558B1 /* Foundation.framework */,
				992EEA6520A9881800D558B1 /* CoreGraphics.framework */,
				992EEA6320A9881100D558B1 /* SystemConfiguration.framework */,
				992EEA6120A9880C00D558B1 /* CoreTelephony.framework */,
				992EEA5F20A9880400D558B1 /* CoreFoundation.framework */,
				992EEA5D20A987FE00D558B1 /* CFNetwork.framework */,
				99A853B8209C5E0E008D97BE /* AudioToolbox.framework */,
			);
			name = Frameworks;
			sourceTree = "<group>";
		};
/* End PBXGroup section */

/* Begin PBXNativeTarget section */
		99A853762099605A008D97BE /* CTXC */ = {
			isa = PBXNativeTarget;
			buildConfigurationList = 99A8538D2099605D008D97BE /* Build configuration list for PBXNativeTarget "CTXC" */;
			buildPhases = (
				99A853732099605A008D97BE /* Sources */,
				99A853742099605A008D97BE /* Frameworks */,
				99A853752099605A008D97BE /* Resources */,
			);
			buildRules = (
			);
			dependencies = (
			);
			name = CTXC;
			productName = CTXC;
			productReference = 99A853772099605A008D97BE /* CTXC.app */;
			productType = "com.apple.product-type.application";
		};
/* End PBXNativeTarget section */

/* Begin PBXProject section */
		99A8536F2099605A008D97BE /* Project object */ = {
			isa = PBXProject;
			attributes = {
				LastUpgradeCheck = 0930;
				ORGANIZATIONNAME = Methodname;
				TargetAttributes = {
					99A853762099605A008D97BE = {
						CreatedOnToolsVersion = 9.3;
						SystemCapabilities = {
							com.apple.BackgroundModes = {
								enabled = 1;
							};
							com.apple.InterAppAudio = {
								enabled = 1;
							};
							com.apple.Push = {
								enabled = 1;
							};
						};
					};
				};
			};
			buildConfigurationList = 99A853722099605A008D97BE /* Build configuration list for PBXProject "CTXC" */;
			compatibilityVersion = "Xcode 9.3";
			developmentRegion = en;
			hasScannedForEncodings = 0;
			knownRegions = (
				en,
				Base,
			);
			mainGroup = 99A8536E2099605A008D97BE;
			productRefGroup = 99A853782099605A008D97BE /* Products */;
			projectDirPath = "";
			projectRoot = "";
			targets = (
				99A853762099605A008D97BE /* CTXC */,
			);
		};
/* End PBXProject section */

/* Begin PBXResourcesBuildPhase section */
		99A853752099605A008D97BE /* Resources */ = {
			isa = PBXResourcesBuildPhase;
			buildActionMask = 2147483647;
			files = (
				992EEAC420A9977F00D558B1 /* PushConfig.plist in Resources */,
				99A853872099605C008D97BE /* LaunchScreen.storyboard in Resources */,
				99A853842099605C008D97BE /* Assets.xcassets in Resources */,
				99A853822099605B008D97BE /* Main.storyboard in Resources */,
			);
			runOnlyForDeploymentPostprocessing = 0;
		};
/* End PBXResourcesBuildPhase section */

/* Begin PBXSourcesBuildPhase section */
		99A853732099605A008D97BE /* Sources */ = {
			isa = PBXSourcesBuildPhase;
			buildActionMask = 2147483647;
			files = (
				99A853B5209960E5008D97BE /* MASViewConstraint.m in Sources */,
				99A853B6209960E5008D97BE /* MASViewAttribute.m in Sources */,
				99A8537F2099605B008D97BE /* ViewController.m in Sources */,
				99A8538A2099605D008D97BE /* main.m in Sources */,
				99A853B2209960E5008D97BE /* NSArray+MASAdditions.m in Sources */,
				99A853AE209960E5008D97BE /* ViewController+MASAdditions.m in Sources */,
				99A853AF209960E5008D97BE /* MASCompositeConstraint.m in Sources */,
				99A8537C2099605B008D97BE /* AppDelegate.m in Sources */,
				99A853B3209960E5008D97BE /* View+MASAdditions.m in Sources */,
				99A853B0209960E5008D97BE /* MASConstraintMaker.m in Sources */,
				99A853B4209960E5008D97BE /* MASConstraint.m in Sources */,
				99A853AD209960E5008D97BE /* NSLayoutConstraint+MASDebugAdditions.m in Sources */,
				99A853B1209960E5008D97BE /* MASLayoutConstraint.m in Sources */,
				99A85392209960AC008D97BE /* TMMWebViewViewController.m in Sources */,
			);
			runOnlyForDeploymentPostprocessing = 0;
		};
/* End PBXSourcesBuildPhase section */

/* Begin PBXVariantGroup section */
		99A853802099605B008D97BE /* Main.storyboard */ = {
			isa = PBXVariantGroup;
			children = (
				99A853812099605B008D97BE /* Base */,
			);
			name = Main.storyboard;
			sourceTree = "<group>";
		};
		99A853852099605C008D97BE /* LaunchScreen.storyboard */ = {
			isa = PBXVariantGroup;
			children = (
				99A853862099605C008D97BE /* Base */,
			);
			name = LaunchScreen.storyboard;
			sourceTree = "<group>";
		};
/* End PBXVariantGroup section */

/* Begin XCBuildConfiguration section */
		99A8538B2099605D008D97BE /* Debug */ = {
			isa = XCBuildConfiguration;
			buildSettings = {
				ALWAYS_SEARCH_USER_PATHS = NO;
				CLANG_ANALYZER_NONNULL = YES;
				CLANG_ANALYZER_NUMBER_OBJECT_CONVERSION = YES_AGGRESSIVE;
				CLANG_CXX_LANGUAGE_STANDARD = "gnu++14";
				CLANG_CXX_LIBRARY = "libc++";
				CLANG_ENABLE_MODULES = YES;
				CLANG_ENABLE_OBJC_ARC = YES;
				CLANG_ENABLE_OBJC_WEAK = YES;
				CLANG_WARN_BLOCK_CAPTURE_AUTORELEASING = YES;
				CLANG_WARN_BOOL_CONVERSION = YES;
				CLANG_WARN_COMMA = YES;
				CLANG_WARN_CONSTANT_CONVERSION = YES;
				CLANG_WARN_DEPRECATED_OBJC_IMPLEMENTATIONS = YES;
				CLANG_WARN_DIRECT_OBJC_ISA_USAGE = YES_ERROR;
				CLANG_WARN_DOCUMENTATION_COMMENTS = YES;
				CLANG_WARN_EMPTY_BODY = YES;
				CLANG_WARN_ENUM_CONVERSION = YES;
				CLANG_WARN_INFINITE_RECURSION = YES;
				CLANG_WARN_INT_CONVERSION = YES;
				CLANG_WARN_NON_LITERAL_NULL_CONVERSION = YES;
				CLANG_WARN_OBJC_IMPLICIT_RETAIN_SELF = YES;
				CLANG_WARN_OBJC_LITERAL_CONVERSION = YES;
				CLANG_WARN_OBJC_ROOT_CLASS = YES_ERROR;
				CLANG_WARN_RANGE_LOOP_ANALYSIS = YES;
				CLANG_WARN_STRICT_PROTOTYPES = YES;
				CLANG_WARN_SUSPICIOUS_MOVE = YES;
				CLANG_WARN_UNGUARDED_AVAILABILITY = YES_AGGRESSIVE;
				CLANG_WARN_UNREACHABLE_CODE = YES;
				CLANG_WARN__DUPLICATE_METHOD_MATCH = YES;
				CODE_SIGN_IDENTITY = "iPhone Developer";
				COPY_PHASE_STRIP = NO;
				DEBUG_INFORMATION_FORMAT = dwarf;
				ENABLE_STRICT_OBJC_MSGSEND = YES;
				ENABLE_TESTABILITY = YES;
				GCC_C_LANGUAGE_STANDARD = gnu11;
				GCC_DYNAMIC_NO_PIC = NO;
				GCC_NO_COMMON_BLOCKS = YES;
				GCC_OPTIMIZATION_LEVEL = 0;
				GCC_PREPROCESSOR_DEFINITIONS = (
					"DEBUG=1",
					"$(inherited)",
				);
				GCC_WARN_64_TO_32_BIT_CONVERSION = YES;
				GCC_WARN_ABOUT_RETURN_TYPE = YES_ERROR;
				GCC_WARN_UNDECLARED_SELECTOR = YES;
				GCC_WARN_UNINITIALIZED_AUTOS = YES_AGGRESSIVE;
				GCC_WARN_UNUSED_FUNCTION = YES;
				GCC_WARN_UNUSED_VARIABLE = YES;
				IPHONEOS_DEPLOYMENT_TARGET = 11.3;
				MTL_ENABLE_DEBUG_INFO = YES;
				ONLY_ACTIVE_ARCH = YES;
				SDKROOT = iphoneos;
			};
			name = Debug;
		};
		99A8538C2099605D008D97BE /* Release */ = {
			isa = XCBuildConfiguration;
			buildSettings = {
				ALWAYS_SEARCH_USER_PATHS = NO;
				CLANG_ANALYZER_NONNULL = YES;
				CLANG_ANALYZER_NUMBER_OBJECT_CONVERSION = YES_AGGRESSIVE;
				CLANG_CXX_LANGUAGE_STANDARD = "gnu++14";
				CLANG_CXX_LIBRARY = "libc++";
				CLANG_ENABLE_MODULES = YES;
				CLANG_ENABLE_OBJC_ARC = YES;
				CLANG_ENABLE_OBJC_WEAK = YES;
				CLANG_WARN_BLOCK_CAPTURE_AUTORELEASING = YES;
				CLANG_WARN_BOOL_CONVERSION = YES;
				CLANG_WARN_COMMA = YES;
				CLANG_WARN_CONSTANT_CONVERSION = YES;
				CLANG_WARN_DEPRECATED_OBJC_IMPLEMENTATIONS = YES;
				CLANG_WARN_DIRECT_OBJC_ISA_USAGE = YES_ERROR;
				CLANG_WARN_DOCUMENTATION_COMMENTS = YES;
				CLANG_WARN_EMPTY_BODY = YES;
				CLANG_WARN_ENUM_CONVERSION = YES;
				CLANG_WARN_INFINITE_RECURSION = YES;
				CLANG_WARN_INT_CONVERSION = YES;
				CLANG_WARN_NON_LITERAL_NULL_CONVERSION = YES;
				CLANG_WARN_OBJC_IMPLICIT_RETAIN_SELF = YES;
				CLANG_WARN_OBJC_LITERAL_CONVERSION = YES;
				CLANG_WARN_OBJC_ROOT_CLASS = YES_ERROR;
				CLANG_WARN_RANGE_LOOP_ANALYSIS = YES;
				CLANG_WARN_STRICT_PROTOTYPES = YES;
				CLANG_WARN_SUSPICIOUS_MOVE = YES;
				CLANG_WARN_UNGUARDED_AVAILABILITY = YES_AGGRESSIVE;
				CLANG_WARN_UNREACHABLE_CODE = YES;
				CLANG_WARN__DUPLICATE_METHOD_MATCH = YES;
				CODE_SIGN_IDENTITY = "iPhone Developer";
				COPY_PHASE_STRIP = NO;
				DEBUG_INFORMATION_FORMAT = "dwarf-with-dsym";
				ENABLE_NS_ASSERTIONS = NO;
				ENABLE_STRICT_OBJC_MSGSEND = YES;
				GCC_C_LANGUAGE_STANDARD = gnu11;
				GCC_NO_COMMON_BLOCKS = YES;
				GCC_WARN_64_TO_32_BIT_CONVERSION = YES;
				GCC_WARN_ABOUT_RETURN_TYPE = YES_ERROR;
				GCC_WARN_UNDECLARED_SELECTOR = YES;
				GCC_WARN_UNINITIALIZED_AUTOS = YES_AGGRESSIVE;
				GCC_WARN_UNUSED_FUNCTION = YES;
				GCC_WARN_UNUSED_VARIABLE = YES;
				IPHONEOS_DEPLOYMENT_TARGET = 11.3;
				MTL_ENABLE_DEBUG_INFO = NO;
				SDKROOT = iphoneos;
				VALIDATE_PRODUCT = YES;
			};
			name = Release;
		};
		99A8538E2099605D008D97BE /* Debug */ = {
			isa = XCBuildConfiguration;
			buildSettings = {
				ASSETCATALOG_COMPILER_APPICON_NAME = AppIcon;
				CODE_SIGN_ENTITLEMENTS = CTXC/CTXC.entitlements;
				CODE_SIGN_STYLE = Automatic;
				DEVELOPMENT_TEAM = GTP86N8KJ6;
				INFOPLIST_FILE = CTXC/Info.plist;
				IPHONEOS_DEPLOYMENT_TARGET = 10.0;
				LD_RUNPATH_SEARCH_PATHS = (
					"$(inherited)",
					"@executable_path/Frameworks",
				);
				LIBRARY_SEARCH_PATHS = (
					"$(inherited)",
					"$(PROJECT_DIR)/CTXC/Lib",
				);
				PRODUCT_BUNDLE_IDENTIFIER = com.360haoshidai.CcCcC;
				PRODUCT_NAME = "$(TARGET_NAME)";
				TARGETED_DEVICE_FAMILY = 1;
			};
			name = Debug;
		};
		99A8538F2099605D008D97BE /* Release */ = {
			isa = XCBuildConfiguration;
			buildSettings = {
				ASSETCATALOG_COMPILER_APPICON_NAME = AppIcon;
				CODE_SIGN_ENTITLEMENTS = CTXC/CTXC.entitlements;
				CODE_SIGN_STYLE = Automatic;
				DEVELOPMENT_TEAM = GTP86N8KJ6;
				INFOPLIST_FILE = CTXC/Info.plist;
				IPHONEOS_DEPLOYMENT_TARGET = 10.0;
				LD_RUNPATH_SEARCH_PATHS = (
					"$(inherited)",
					"@executable_path/Frameworks",
				);
				LIBRARY_SEARCH_PATHS = (
					"$(inherited)",
					"$(PROJECT_DIR)/CTXC/Lib",
				);
				PRODUCT_BUNDLE_IDENTIFIER = com.360haoshidai.CcCcC;
				PRODUCT_NAME = "$(TARGET_NAME)";
				TARGETED_DEVICE_FAMILY = 1;
			};
			name = Release;
		};
/* End XCBuildConfiguration section */

/* Begin XCConfigurationList section */
		99A853722099605A008D97BE /* Build configuration list for PBXProject "CTXC" */ = {
			isa = XCConfigurationList;
			buildConfigurations = (
				99A8538B2099605D008D97BE /* Debug */,
				99A8538C2099605D008D97BE /* Release */,
			);
			defaultConfigurationIsVisible = 0;
			defaultConfigurationName = Release;
		};
		99A8538D2099605D008D97BE /* Build configuration list for PBXNativeTarget "CTXC" */ = {
			isa = XCConfigurationList;
			buildConfigurations = (
				99A8538E2099605D008D97BE /* Debug */,
				99A8538F2099605D008D97BE /* Release */,
			);
			defaultConfigurationIsVisible = 0;
			defaultConfigurationName = Release;
		};
/* End XCConfigurationList section */
	};
	rootObject = 99A8536F2099605A008D97BE /* Project object */;
}
